
Microsoft Visual Studio Solution File, Format Version 12.00
# Visual Studio Version 17
VisualStudioVersion = 17.11.35303.130
MinimumVisualStudioVersion = 10.0.40219.1
Project("{9A19103F-16F7-4668-BE54-9A1E7A4F7556}") = "MobileView", "Browser\MobileView.csproj", "{5F0B2954-D504-4F9C-A822-CD1442A4B5A0}"
EndProject
Global
	GlobalSection(SolutionConfigurationPlatforms) = preSolution
		Debug|Any CPU = Debug|Any CPU
		Release|Any CPU = Release|Any CPU
	EndGlobalSection
	GlobalSection(ProjectConfigurationPlatforms) = postSolution
		{5F0B2954-D504-4F9C-A822-CD1442A4B5A0}.Debug|Any CPU.ActiveCfg = Debug|Any CPU
		{5F0B2954-D504-4F9C-A822-CD1442A4B5A0}.Debug|Any CPU.Build.0 = Debug|Any CPU
		{5F0B2954-D504-4F9C-A822-CD1442A4B5A0}.Release|Any CPU.ActiveCfg = Release|Any CPU
		{5F0B2954-D504-4F9C-A822-CD1442A4B5A0}.Release|Any CPU.Build.0 = Release|Any CPU
	EndGlobalSection
	GlobalSection(SolutionProperties) = preSolution
		HideSolutionNode = FALSE
	EndGlobalSection
	GlobalSection(ExtensibilityGlobals) = postSolution
		SolutionGuid = {4BEC57AA-B7ED-4173-9512-E1BFC70A0BBF}
	EndGlobalSection
EndGlobal
